
Microsoft Visual Studio Solution File, Format Version 12.00
# Visual Studio Version 16
VisualStudioVersion = 16.0.31321.278
MinimumVisualStudioVersion = 10.0.40219.1
Project("{FAE04EC0-301F-11D3-BF4B-00C04F79EFBC}") = "MikroLcd", "MikroLcd\MikroLcd.csproj", "{AFC66BC5-6AC9-4529-A108-0D9377978C0B}"
EndProject
Global
	GlobalSection(SolutionConfigurationPlatforms) = preSolution
		Debug|Any CPU = Debug|Any CPU
		Release|Any CPU = Release|Any CPU
	EndGlobalSection
	GlobalSection(ProjectConfigurationPlatforms) = postSolution
		{AFC66BC5-6AC9-4529-A108-0D9377978C0B}.Debug|Any CPU.ActiveCfg = Debug|Any CPU
		{AFC66BC5-6AC9-4529-A108-0D9377978C0B}.Debug|Any CPU.Build.0 = Debug|Any CPU
		{AFC66BC5-6AC9-4529-A108-0D9377978C0B}.Release|Any CPU.ActiveCfg = Release|Any CPU
		{AFC66BC5-6AC9-4529-A108-0D9377978C0B}.Release|Any CPU.Build.0 = Release|Any CPU
	EndGlobalSection
	GlobalSection(SolutionProperties) = preSolution
		HideSolutionNode = FALSE
	EndGlobalSection
	GlobalSection(ExtensibilityGlobals) = postSolution
		SolutionGuid = {7D6B34B2-6213-42CF-834F-EE2E08ECD566}
	EndGlobalSection
EndGlobal
